// !$*UTF8*$!
{
	archiveVersion = 1;
	classes = {
	};
	objectVersion = 55;
	objects = {

/* Begin PBXBuildFile section */
		73B3EB6E2869B69300BFB560 /* FactCell.swift in Sources */ = {isa = PBXBuildFile; fileRef = 73B3EB6D2869B69300BFB560 /* FactCell.swift */; };
		73C52911286703A300CF29EE /* AppDelegate.swift in Sources */ = {isa = PBXBuildFile; fileRef = 73C52910286703A300CF29EE /* AppDelegate.swift */; };
		73C52913286703A300CF29EE /* SceneDelegate.swift in Sources */ = {isa = PBXBuildFile; fileRef = 73C52912286703A300CF29EE /* SceneDelegate.swift */; };
		73C5291A286703A400CF29EE /* Assets.xcassets in Resources */ = {isa = PBXBuildFile; fileRef = 73C52919286703A400CF29EE /* Assets.xcassets */; };
		73C5291D286703A400CF29EE /* LaunchScreen.storyboard in Resources */ = {isa = PBXBuildFile; fileRef = 73C5291B286703A400CF29EE /* LaunchScreen.storyboard */; };
		73C52925286708F600CF29EE /* Colors.xcassets in Resources */ = {isa = PBXBuildFile; fileRef = 73C52924286708F600CF29EE /* Colors.xcassets */; };
		73C5292A2867099000CF29EE /* RootController.swift in Sources */ = {isa = PBXBuildFile; fileRef = 73C529292867099000CF29EE /* RootController.swift */; };
		73C5292C28670C6800CF29EE /* ios-challenge-words-booster.json in Resources */ = {isa = PBXBuildFile; fileRef = 73C5292B28670C6800CF29EE /* ios-challenge-words-booster.json */; };
		73C5292F28670D1000CF29EE /* CategoryScreenBuilder.swift in Sources */ = {isa = PBXBuildFile; fileRef = 73C5292E28670D1000CF29EE /* CategoryScreenBuilder.swift */; };
		73C5293128670D2100CF29EE /* CategoryRouter.swift in Sources */ = {isa = PBXBuildFile; fileRef = 73C5293028670D2100CF29EE /* CategoryRouter.swift */; };
		73C5293328670D2E00CF29EE /* CategoryVC.swift in Sources */ = {isa = PBXBuildFile; fileRef = 73C5293228670D2E00CF29EE /* CategoryVC.swift */; };
		73C5293528670D3900CF29EE /* CategoryFreeCell.swift in Sources */ = {isa = PBXBuildFile; fileRef = 73C5293428670D3900CF29EE /* CategoryFreeCell.swift */; };
		73C5293728670D4000CF29EE /* CategoryPresenter.swift in Sources */ = {isa = PBXBuildFile; fileRef = 73C5293628670D4000CF29EE /* CategoryPresenter.swift */; };
		73C5293D28670E1E00CF29EE /* CategoryModel.swift in Sources */ = {isa = PBXBuildFile; fileRef = 73C5293C28670E1E00CF29EE /* CategoryModel.swift */; };
		73C5293F28670E4E00CF29EE /* CategoryStatus.swift in Sources */ = {isa = PBXBuildFile; fileRef = 73C5293E28670E4E00CF29EE /* CategoryStatus.swift */; };
		73C5294128670EC300CF29EE /* FactModel.swift in Sources */ = {isa = PBXBuildFile; fileRef = 73C5294028670EC300CF29EE /* FactModel.swift */; };
		73C52943286711FE00CF29EE /* DataSource.swift in Sources */ = {isa = PBXBuildFile; fileRef = 73C52942286711FE00CF29EE /* DataSource.swift */; };
		73C52945286712F900CF29EE /* AppError.swift in Sources */ = {isa = PBXBuildFile; fileRef = 73C52944286712F900CF29EE /* AppError.swift */; };
		73C529492867157B00CF29EE /* UIColor+Ext.swift in Sources */ = {isa = PBXBuildFile; fileRef = 73C529482867157B00CF29EE /* UIColor+Ext.swift */; };
		73C5294B28671B5A00CF29EE /* Routable.swift in Sources */ = {isa = PBXBuildFile; fileRef = 73C5294A28671B5A00CF29EE /* Routable.swift */; };
		73C5294D286725E400CF29EE /* NSObject+Ext.swift in Sources */ = {isa = PBXBuildFile; fileRef = 73C5294C286725E400CF29EE /* NSObject+Ext.swift */; };
		73C5294F286726A300CF29EE /* ClassNameable.swift in Sources */ = {isa = PBXBuildFile; fileRef = 73C5294E286726A300CF29EE /* ClassNameable.swift */; };
		73C5295128672DC800CF29EE /* UIImageView+Ext.swift in Sources */ = {isa = PBXBuildFile; fileRef = 73C5295028672DC800CF29EE /* UIImageView+Ext.swift */; };
		73C52953286730F400CF29EE /* CategoryPaidCell.swift in Sources */ = {isa = PBXBuildFile; fileRef = 73C52952286730F400CF29EE /* CategoryPaidCell.swift */; };
		73C529552867318200CF29EE /* CategoryCellVM.swift in Sources */ = {isa = PBXBuildFile; fileRef = 73C529542867318200CF29EE /* CategoryCellVM.swift */; };
		73C529572867334900CF29EE /* CategoryComingSoonCell.swift in Sources */ = {isa = PBXBuildFile; fileRef = 73C529562867334900CF29EE /* CategoryComingSoonCell.swift */; };
		73C5295A28674E8500CF29EE /* UIImage+Ext.swift in Sources */ = {isa = PBXBuildFile; fileRef = 73C5295928674E8400CF29EE /* UIImage+Ext.swift */; };
		73C5295E2867867A00CF29EE /* README.md in Resources */ = {isa = PBXBuildFile; fileRef = 73C5295D2867867A00CF29EE /* README.md */; };
		73C529642868531300CF29EE /* FactsScreenBuilder.swift in Sources */ = {isa = PBXBuildFile; fileRef = 73C529632868531300CF29EE /* FactsScreenBuilder.swift */; };
		73C529662868532600CF29EE /* FactsRouter.swift in Sources */ = {isa = PBXBuildFile; fileRef = 73C529652868532600CF29EE /* FactsRouter.swift */; };
		73C529682868532C00CF29EE /* FactsVC.swift in Sources */ = {isa = PBXBuildFile; fileRef = 73C529672868532C00CF29EE /* FactsVC.swift */; };
		73C5296A2868533300CF29EE /* FactsPresenter.swift in Sources */ = {isa = PBXBuildFile; fileRef = 73C529692868533300CF29EE /* FactsPresenter.swift */; };
		73C5296D2868621900CF29EE /* AdsScreenBuilder.swift in Sources */ = {isa = PBXBuildFile; fileRef = 73C5296C2868621900CF29EE /* AdsScreenBuilder.swift */; };
		73C5296F2868623D00CF29EE /* AdsVC.swift in Sources */ = {isa = PBXBuildFile; fileRef = 73C5296E2868623D00CF29EE /* AdsVC.swift */; };
		73C529712868685600CF29EE /* FactsVM.swift in Sources */ = {isa = PBXBuildFile; fileRef = 73C529702868685600CF29EE /* FactsVM.swift */; };
		73C5297328686C5300CF29EE /* UIView+Ext.swift in Sources */ = {isa = PBXBuildFile; fileRef = 73C5297228686C5300CF29EE /* UIView+Ext.swift */; };
		73C670422868BA6200DEF85F /* ImageLoader.swift in Sources */ = {isa = PBXBuildFile; fileRef = 73C670412868BA6200DEF85F /* ImageLoader.swift */; };
/* End PBXBuildFile section */

/* Begin PBXFileReference section */
		73B3EB6D2869B69300BFB560 /* FactCell.swift */ = {isa = PBXFileReference; lastKnownFileType = sourcecode.swift; path = FactCell.swift; sourceTree = "<group>"; };
		73C5290D286703A300CF29EE /* Animals.app */ = {isa = PBXFileReference; explicitFileType = wrapper.application; includeInIndex = 0; path = Animals.app; sourceTree = BUILT_PRODUCTS_DIR; };
		73C52910286703A300CF29EE /* AppDelegate.swift */ = {isa = PBXFileReference; lastKnownFileType = sourcecode.swift; path = AppDelegate.swift; sourceTree = "<group>"; };
		73C52912286703A300CF29EE /* SceneDelegate.swift */ = {isa = PBXFileReference; lastKnownFileType = sourcecode.swift; path = SceneDelegate.swift; sourceTree = "<group>"; };
		73C52919286703A400CF29EE /* Assets.xcassets */ = {isa = PBXFileReference; lastKnownFileType = folder.assetcatalog; path = Assets.xcassets; sourceTree = "<group>"; };
		73C5291C286703A400CF29EE /* Base */ = {isa = PBXFileReference; lastKnownFileType = file.storyboard; name = Base; path = Base.lproj/LaunchScreen.storyboard; sourceTree = "<group>"; };
		73C5291E286703A400CF29EE /* Info.plist */ = {isa = PBXFileReference; lastKnownFileType = text.plist.xml; path = Info.plist; sourceTree = "<group>"; };
		73C52924286708F600CF29EE /* Colors.xcassets */ = {isa = PBXFileReference; lastKnownFileType = folder.assetcatalog; path = Colors.xcassets; sourceTree = "<group>"; };
		73C529292867099000CF29EE /* RootController.swift */ = {isa = PBXFileReference; lastKnownFileType = sourcecode.swift; path = RootController.swift; sourceTree = "<group>"; };
		73C5292B28670C6800CF29EE /* ios-challenge-words-booster.json */ = {isa = PBXFileReference; fileEncoding = 4; lastKnownFileType = text.json; path = "ios-challenge-words-booster.json"; sourceTree = "<group>"; };
		73C5292E28670D1000CF29EE /* CategoryScreenBuilder.swift */ = {isa = PBXFileReference; lastKnownFileType = sourcecode.swift; path = CategoryScreenBuilder.swift; sourceTree = "<group>"; };
		73C5293028670D2100CF29EE /* CategoryRouter.swift */ = {isa = PBXFileReference; lastKnownFileType = sourcecode.swift; path = CategoryRouter.swift; sourceTree = "<group>"; };
		73C5293228670D2E00CF29EE /* CategoryVC.swift */ = {isa = PBXFileReference; lastKnownFileType = sourcecode.swift; path = CategoryVC.swift; sourceTree = "<group>"; };
		73C5293428670D3900CF29EE /* CategoryFreeCell.swift */ = {isa = PBXFileReference; lastKnownFileType = sourcecode.swift; path = CategoryFreeCell.swift; sourceTree = "<group>"; };
		73C5293628670D4000CF29EE /* CategoryPresenter.swift */ = {isa = PBXFileReference; lastKnownFileType = sourcecode.swift; path = CategoryPresenter.swift; sourceTree = "<group>"; };
		73C5293C28670E1E00CF29EE /* CategoryModel.swift */ = {isa = PBXFileReference; lastKnownFileType = sourcecode.swift; path = CategoryModel.swift; sourceTree = "<group>"; };
		73C5293E28670E4E00CF29EE /* CategoryStatus.swift */ = {isa = PBXFileReference; lastKnownFileType = sourcecode.swift; path = CategoryStatus.swift; sourceTree = "<group>"; };
		73C5294028670EC300CF29EE /* FactModel.swift */ = {isa = PBXFileReference; lastKnownFileType = sourcecode.swift; path = FactModel.swift; sourceTree = "<group>"; };
		73C52942286711FE00CF29EE /* DataSource.swift */ = {isa = PBXFileReference; lastKnownFileType = sourcecode.swift; path = DataSource.swift; sourceTree = "<group>"; };
		73C52944286712F900CF29EE /* AppError.swift */ = {isa = PBXFileReference; lastKnownFileType = sourcecode.swift; path = AppError.swift; sourceTree = "<group>"; };
		73C529482867157B00CF29EE /* UIColor+Ext.swift */ = {isa = PBXFileReference; lastKnownFileType = sourcecode.swift; path = "UIColor+Ext.swift"; sourceTree = "<group>"; };
		73C5294A28671B5A00CF29EE /* Routable.swift */ = {isa = PBXFileReference; lastKnownFileType = sourcecode.swift; path = Routable.swift; sourceTree = "<group>"; };
		73C5294C286725E400CF29EE /* NSObject+Ext.swift */ = {isa = PBXFileReference; lastKnownFileType = sourcecode.swift; path = "NSObject+Ext.swift"; sourceTree = "<group>"; };
		73C5294E286726A300CF29EE /* ClassNameable.swift */ = {isa = PBXFileReference; lastKnownFileType = sourcecode.swift; path = ClassNameable.swift; sourceTree = "<group>"; };
		73C5295028672DC800CF29EE /* UIImageView+Ext.swift */ = {isa = PBXFileReference; lastKnownFileType = sourcecode.swift; path = "UIImageView+Ext.swift"; sourceTree = "<group>"; };
		73C52952286730F400CF29EE /* CategoryPaidCell.swift */ = {isa = PBXFileReference; lastKnownFileType = sourcecode.swift; path = CategoryPaidCell.swift; sourceTree = "<group>"; };
		73C529542867318200CF29EE /* CategoryCellVM.swift */ = {isa = PBXFileReference; lastKnownFileType = sourcecode.swift; path = CategoryCellVM.swift; sourceTree = "<group>"; };
		73C529562867334900CF29EE /* CategoryComingSoonCell.swift */ = {isa = PBXFileReference; lastKnownFileType = sourcecode.swift; path = CategoryComingSoonCell.swift; sourceTree = "<group>"; };
		73C5295928674E8400CF29EE /* UIImage+Ext.swift */ = {isa = PBXFileReference; lastKnownFileType = sourcecode.swift; path = "UIImage+Ext.swift"; sourceTree = "<group>"; };
		73C5295D2867867A00CF29EE /* README.md */ = {isa = PBXFileReference; fileEncoding = 4; lastKnownFileType = net.daringfireball.markdown; path = README.md; sourceTree = "<group>"; };
		73C529632868531300CF29EE /* FactsScreenBuilder.swift */ = {isa = PBXFileReference; lastKnownFileType = sourcecode.swift; path = FactsScreenBuilder.swift; sourceTree = "<group>"; };
		73C529652868532600CF29EE /* FactsRouter.swift */ = {isa = PBXFileReference; lastKnownFileType = sourcecode.swift; path = FactsRouter.swift; sourceTree = "<group>"; };
		73C529672868532C00CF29EE /* FactsVC.swift */ = {isa = PBXFileReference; lastKnownFileType = sourcecode.swift; path = FactsVC.swift; sourceTree = "<group>"; };
		73C529692868533300CF29EE /* FactsPresenter.swift */ = {isa = PBXFileReference; lastKnownFileType = sourcecode.swift; path = FactsPresenter.swift; sourceTree = "<group>"; };
		73C5296C2868621900CF29EE /* AdsScreenBuilder.swift */ = {isa = PBXFileReference; lastKnownFileType = sourcecode.swift; path = AdsScreenBuilder.swift; sourceTree = "<group>"; };
		73C5296E2868623D00CF29EE /* AdsVC.swift */ = {isa = PBXFileReference; lastKnownFileType = sourcecode.swift; path = AdsVC.swift; sourceTree = "<group>"; };
		73C529702868685600CF29EE /* FactsVM.swift */ = {isa = PBXFileReference; lastKnownFileType = sourcecode.swift; path = FactsVM.swift; sourceTree = "<group>"; };
		73C5297228686C5300CF29EE /* UIView+Ext.swift */ = {isa = PBXFileReference; lastKnownFileType = sourcecode.swift; path = "UIView+Ext.swift"; sourceTree = "<group>"; };
		73C670412868BA6200DEF85F /* ImageLoader.swift */ = {isa = PBXFileReference; lastKnownFileType = sourcecode.swift; path = ImageLoader.swift; sourceTree = "<group>"; };
/* End PBXFileReference section */

/* Begin PBXFrameworksBuildPhase section */
		73C5290A286703A300CF29EE /* Frameworks */ = {
			isa = PBXFrameworksBuildPhase;
			buildActionMask = 2147483647;
			files = (
			);
			runOnlyForDeploymentPostprocessing = 0;
		};
/* End PBXFrameworksBuildPhase section */

/* Begin PBXGroup section */
		73C52904286703A300CF29EE = {
			isa = PBXGroup;
			children = (
				73C5295D2867867A00CF29EE /* README.md */,
				73C5290F286703A300CF29EE /* Animals */,
				73C5290E286703A300CF29EE /* Products */,
			);
			sourceTree = "<group>";
		};
		73C5290E286703A300CF29EE /* Products */ = {
			isa = PBXGroup;
			children = (
				73C5290D286703A300CF29EE /* Animals.app */,
			);
			name = Products;
			sourceTree = "<group>";
		};
		73C5290F286703A300CF29EE /* Animals */ = {
			isa = PBXGroup;
			children = (
				73C52910286703A300CF29EE /* AppDelegate.swift */,
				73C52912286703A300CF29EE /* SceneDelegate.swift */,
				73C529292867099000CF29EE /* RootController.swift */,
				73C529272867093E00CF29EE /* Screens */,
				73C5293828670D5200CF29EE /* Common */,
				73C529262867090E00CF29EE /* Resources */,
				73C5291E286703A400CF29EE /* Info.plist */,
			);
			path = Animals;
			sourceTree = "<group>";
		};
		73C529262867090E00CF29EE /* Resources */ = {
			isa = PBXGroup;
			children = (
				73C52919286703A400CF29EE /* Assets.xcassets */,
				73C52924286708F600CF29EE /* Colors.xcassets */,
				73C5291B286703A400CF29EE /* LaunchScreen.storyboard */,
				73C5292B28670C6800CF29EE /* ios-challenge-words-booster.json */,
			);
			path = Resources;
			sourceTree = "<group>";
		};
		73C529272867093E00CF29EE /* Screens */ = {
			isa = PBXGroup;
			children = (
				73C5296B286861FD00CF29EE /* Ads */,
				73C52961286852EB00CF29EE /* Facts */,
				73C5292D28670CF900CF29EE /* Category */,
			);
			path = Screens;
			sourceTree = "<group>";
		};
		73C529282867095B00CF29EE /* Extensions */ = {
			isa = PBXGroup;
			children = (
				73C5294C286725E400CF29EE /* NSObject+Ext.swift */,
				73C529482867157B00CF29EE /* UIColor+Ext.swift */,
				73C5295928674E8400CF29EE /* UIImage+Ext.swift */,
				73C5295028672DC800CF29EE /* UIImageView+Ext.swift */,
				73C5297228686C5300CF29EE /* UIView+Ext.swift */,
			);
			path = Extensions;
			sourceTree = "<group>";
		};
		73C5292D28670CF900CF29EE /* Category */ = {
			isa = PBXGroup;
			children = (
				73C529582867334F00CF29EE /* Cell */,
				73C5292E28670D1000CF29EE /* CategoryScreenBuilder.swift */,
				73C5293028670D2100CF29EE /* CategoryRouter.swift */,
				73C5293228670D2E00CF29EE /* CategoryVC.swift */,
				73C5293628670D4000CF29EE /* CategoryPresenter.swift */,
			);
			path = Category;
			sourceTree = "<group>";
		};
		73C5293828670D5200CF29EE /* Common */ = {
			isa = PBXGroup;
			children = (
				73C52944286712F900CF29EE /* AppError.swift */,
				73C5293B28670DF700CF29EE /* Models */,
				73C5293A28670D7300CF29EE /* Services */,
				73C5293928670D6400CF29EE /* Protocols */,
				73C529282867095B00CF29EE /* Extensions */,
			);
			path = Common;
			sourceTree = "<group>";
		};
		73C5293928670D6400CF29EE /* Protocols */ = {
			isa = PBXGroup;
			children = (
				73C5294A28671B5A00CF29EE /* Routable.swift */,
				73C5294E286726A300CF29EE /* ClassNameable.swift */,
			);
			path = Protocols;
			sourceTree = "<group>";
		};
		73C5293A28670D7300CF29EE /* Services */ = {
			isa = PBXGroup;
			children = (
				73C52942286711FE00CF29EE /* DataSource.swift */,
				73C670412868BA6200DEF85F /* ImageLoader.swift */,
			);
			path = Services;
			sourceTree = "<group>";
		};
		73C5293B28670DF700CF29EE /* Models */ = {
			isa = PBXGroup;
			children = (
				73C5293C28670E1E00CF29EE /* CategoryModel.swift */,
				73C5293E28670E4E00CF29EE /* CategoryStatus.swift */,
				73C5294028670EC300CF29EE /* FactModel.swift */,
			);
			path = Models;
			sourceTree = "<group>";
		};
		73C529582867334F00CF29EE /* Cell */ = {
			isa = PBXGroup;
			children = (
				73C529542867318200CF29EE /* CategoryCellVM.swift */,
				73C5293428670D3900CF29EE /* CategoryFreeCell.swift */,
				73C52952286730F400CF29EE /* CategoryPaidCell.swift */,
				73C529562867334900CF29EE /* CategoryComingSoonCell.swift */,
			);
			path = Cell;
			sourceTree = "<group>";
		};
		73C52961286852EB00CF29EE /* Facts */ = {
			isa = PBXGroup;
			children = (
				73B3EB6D2869B69300BFB560 /* FactCell.swift */,
				73C529632868531300CF29EE /* FactsScreenBuilder.swift */,
				73C529652868532600CF29EE /* FactsRouter.swift */,
				73C529672868532C00CF29EE /* FactsVC.swift */,
				73C529702868685600CF29EE /* FactsVM.swift */,
				73C529692868533300CF29EE /* FactsPresenter.swift */,
			);
			path = Facts;
			sourceTree = "<group>";
		};
		73C5296B286861FD00CF29EE /* Ads */ = {
			isa = PBXGroup;
			children = (
				73C5296C2868621900CF29EE /* AdsScreenBuilder.swift */,
				73C5296E2868623D00CF29EE /* AdsVC.swift */,
			);
			path = Ads;
			sourceTree = "<group>";
		};
/* End PBXGroup section */

/* Begin PBXNativeTarget section */
		73C5290C286703A300CF29EE /* Animals */ = {
			isa = PBXNativeTarget;
			buildConfigurationList = 73C52921286703A400CF29EE /* Build configuration list for PBXNativeTarget "Animals" */;
			buildPhases = (
				73C52909286703A300CF29EE /* Sources */,
				73C5290A286703A300CF29EE /* Frameworks */,
				73C5290B286703A300CF29EE /* Resources */,
			);
			buildRules = (
			);
			dependencies = (
			);
			name = Animals;
			productName = Animals;
			productReference = 73C5290D286703A300CF29EE /* Animals.app */;
			productType = "com.apple.product-type.application";
		};
/* End PBXNativeTarget section */

/* Begin PBXProject section */
		73C52905286703A300CF29EE /* Project object */ = {
			isa = PBXProject;
			attributes = {
				BuildIndependentTargetsInParallel = 1;
				LastSwiftUpdateCheck = 1340;
				LastUpgradeCheck = 1340;
				TargetAttributes = {
					73C5290C286703A300CF29EE = {
						CreatedOnToolsVersion = 13.4.1;
					};
				};
			};
			buildConfigurationList = 73C52908286703A300CF29EE /* Build configuration list for PBXProject "Animals" */;
			compatibilityVersion = "Xcode 13.0";
			developmentRegion = en;
			hasScannedForEncodings = 0;
			knownRegions = (
				en,
				Base,
			);
			mainGroup = 73C52904286703A300CF29EE;
			productRefGroup = 73C5290E286703A300CF29EE /* Products */;
			projectDirPath = "";
			projectRoot = "";
			targets = (
				73C5290C286703A300CF29EE /* Animals */,
			);
		};
/* End PBXProject section */

/* Begin PBXResourcesBuildPhase section */
		73C5290B286703A300CF29EE /* Resources */ = {
			isa = PBXResourcesBuildPhase;
			buildActionMask = 2147483647;
			files = (
				73C5292C28670C6800CF29EE /* ios-challenge-words-booster.json in Resources */,
				73C52925286708F600CF29EE /* Colors.xcassets in Resources */,
				73C5295E2867867A00CF29EE /* README.md in Resources */,
				73C5291D286703A400CF29EE /* LaunchScreen.storyboard in Resources */,
				73C5291A286703A400CF29EE /* Assets.xcassets in Resources */,
			);
			runOnlyForDeploymentPostprocessing = 0;
		};
/* End PBXResourcesBuildPhase section */

/* Begin PBXSourcesBuildPhase section */
		73C52909286703A300CF29EE /* Sources */ = {
			isa = PBXSourcesBuildPhase;
			buildActionMask = 2147483647;
			files = (
				73C5297328686C5300CF29EE /* UIView+Ext.swift in Sources */,
				73C5296A2868533300CF29EE /* FactsPresenter.swift in Sources */,
				73C5293728670D4000CF29EE /* CategoryPresenter.swift in Sources */,
				73C52953286730F400CF29EE /* CategoryPaidCell.swift in Sources */,
				73C5293328670D2E00CF29EE /* CategoryVC.swift in Sources */,
				73C52911286703A300CF29EE /* AppDelegate.swift in Sources */,
				73C5294F286726A300CF29EE /* ClassNameable.swift in Sources */,
				73B3EB6E2869B69300BFB560 /* FactCell.swift in Sources */,
				73C529662868532600CF29EE /* FactsRouter.swift in Sources */,
				73C529572867334900CF29EE /* CategoryComingSoonCell.swift in Sources */,
				73C5295128672DC800CF29EE /* UIImageView+Ext.swift in Sources */,
				73C5293F28670E4E00CF29EE /* CategoryStatus.swift in Sources */,
				73C52945286712F900CF29EE /* AppError.swift in Sources */,
				73C5292F28670D1000CF29EE /* CategoryScreenBuilder.swift in Sources */,
				73C5296F2868623D00CF29EE /* AdsVC.swift in Sources */,
				73C5293528670D3900CF29EE /* CategoryFreeCell.swift in Sources */,
				73C5294B28671B5A00CF29EE /* Routable.swift in Sources */,
				73C52943286711FE00CF29EE /* DataSource.swift in Sources */,
				73C5294D286725E400CF29EE /* NSObject+Ext.swift in Sources */,
				73C670422868BA6200DEF85F /* ImageLoader.swift in Sources */,
				73C529642868531300CF29EE /* FactsScreenBuilder.swift in Sources */,
				73C52913286703A300CF29EE /* SceneDelegate.swift in Sources */,
				73C529712868685600CF29EE /* FactsVM.swift in Sources */,
				73C5295A28674E8500CF29EE /* UIImage+Ext.swift in Sources */,
				73C5293128670D2100CF29EE /* CategoryRouter.swift in Sources */,
				73C5293D28670E1E00CF29EE /* CategoryModel.swift in Sources */,
				73C529552867318200CF29EE /* CategoryCellVM.swift in Sources */,
				73C5296D2868621900CF29EE /* AdsScreenBuilder.swift in Sources */,
				73C5292A2867099000CF29EE /* RootController.swift in Sources */,
				73C529492867157B00CF29EE /* UIColor+Ext.swift in Sources */,
				73C529682868532C00CF29EE /* FactsVC.swift in Sources */,
				73C5294128670EC300CF29EE /* FactModel.swift in Sources */,
			);
			runOnlyForDeploymentPostprocessing = 0;
		};
/* End PBXSourcesBuildPhase section */

/* Begin PBXVariantGroup section */
		73C5291B286703A400CF29EE /* LaunchScreen.storyboard */ = {
			isa = PBXVariantGroup;
			children = (
				73C5291C286703A400CF29EE /* Base */,
			);
			name = LaunchScreen.storyboard;
			sourceTree = "<group>";
		};
/* End PBXVariantGroup section */

/* Begin XCBuildConfiguration section */
		73C5291F286703A400CF29EE /* Debug */ = {
			isa = XCBuildConfiguration;
			buildSettings = {
				ALWAYS_SEARCH_USER_PATHS = NO;
				CLANG_ANALYZER_NONNULL = YES;
				CLANG_ANALYZER_NUMBER_OBJECT_CONVERSION = YES_AGGRESSIVE;
				CLANG_CXX_LANGUAGE_STANDARD = "gnu++17";
				CLANG_ENABLE_MODULES = YES;
				CLANG_ENABLE_OBJC_ARC = YES;
				CLANG_ENABLE_OBJC_WEAK = YES;
				CLANG_WARN_BLOCK_CAPTURE_AUTORELEASING = YES;
				CLANG_WARN_BOOL_CONVERSION = YES;
				CLANG_WARN_COMMA = YES;
				CLANG_WARN_CONSTANT_CONVERSION = YES;
				CLANG_WARN_DEPRECATED_OBJC_IMPLEMENTATIONS = YES;
				CLANG_WARN_DIRECT_OBJC_ISA_USAGE = YES_ERROR;
				CLANG_WARN_DOCUMENTATION_COMMENTS = YES;
				CLANG_WARN_EMPTY_BODY = YES;
				CLANG_WARN_ENUM_CONVERSION = YES;
				CLANG_WARN_INFINITE_RECURSION = YES;
				CLANG_WARN_INT_CONVERSION = YES;
				CLANG_WARN_NON_LITERAL_NULL_CONVERSION = YES;
				CLANG_WARN_OBJC_IMPLICIT_RETAIN_SELF = YES;
				CLANG_WARN_OBJC_LITERAL_CONVERSION = YES;
				CLANG_WARN_OBJC_ROOT_CLASS = YES_ERROR;
				CLANG_WARN_QUOTED_INCLUDE_IN_FRAMEWORK_HEADER = YES;
				CLANG_WARN_RANGE_LOOP_ANALYSIS = YES;
				CLANG_WARN_STRICT_PROTOTYPES = YES;
				CLANG_WARN_SUSPICIOUS_MOVE = YES;
				CLANG_WARN_UNGUARDED_AVAILABILITY = YES_AGGRESSIVE;
				CLANG_WARN_UNREACHABLE_CODE = YES;
				CLANG_WARN__DUPLICATE_METHOD_MATCH = YES;
				COPY_PHASE_STRIP = NO;
				DEBUG_INFORMATION_FORMAT = dwarf;
				ENABLE_STRICT_OBJC_MSGSEND = YES;
				ENABLE_TESTABILITY = YES;
				GCC_C_LANGUAGE_STANDARD = gnu11;
				GCC_DYNAMIC_NO_PIC = NO;
				GCC_NO_COMMON_BLOCKS = YES;
				GCC_OPTIMIZATION_LEVEL = 0;
				GCC_PREPROCESSOR_DEFINITIONS = (
					"DEBUG=1",
					"$(inherited)",
				);
				GCC_WARN_64_TO_32_BIT_CONVERSION = YES;
				GCC_WARN_ABOUT_RETURN_TYPE = YES_ERROR;
				GCC_WARN_UNDECLARED_SELECTOR = YES;
				GCC_WARN_UNINITIALIZED_AUTOS = YES_AGGRESSIVE;
				GCC_WARN_UNUSED_FUNCTION = YES;
				GCC_WARN_UNUSED_VARIABLE = YES;
				IPHONEOS_DEPLOYMENT_TARGET = 14.0;
				MTL_ENABLE_DEBUG_INFO = INCLUDE_SOURCE;
				MTL_FAST_MATH = YES;
				ONLY_ACTIVE_ARCH = YES;
				SDKROOT = iphoneos;
				SWIFT_ACTIVE_COMPILATION_CONDITIONS = DEBUG;
				SWIFT_OPTIMIZATION_LEVEL = "-Onone";
			};
			name = Debug;
		};
		73C52920286703A400CF29EE /* Release */ = {
			isa = XCBuildConfiguration;
			buildSettings = {
				ALWAYS_SEARCH_USER_PATHS = NO;
				CLANG_ANALYZER_NONNULL = YES;
				CLANG_ANALYZER_NUMBER_OBJECT_CONVERSION = YES_AGGRESSIVE;
				CLANG_CXX_LANGUAGE_STANDARD = "gnu++17";
				CLANG_ENABLE_MODULES = YES;
				CLANG_ENABLE_OBJC_ARC = YES;
				CLANG_ENABLE_OBJC_WEAK = YES;
				CLANG_WARN_BLOCK_CAPTURE_AUTORELEASING = YES;
				CLANG_WARN_BOOL_CONVERSION = YES;
				CLANG_WARN_COMMA = YES;
				CLANG_WARN_CONSTANT_CONVERSION = YES;
				CLANG_WARN_DEPRECATED_OBJC_IMPLEMENTATIONS = YES;
				CLANG_WARN_DIRECT_OBJC_ISA_USAGE = YES_ERROR;
				CLANG_WARN_DOCUMENTATION_COMMENTS = YES;
				CLANG_WARN_EMPTY_BODY = YES;
				CLANG_WARN_ENUM_CONVERSION = YES;
				CLANG_WARN_INFINITE_RECURSION = YES;
				CLANG_WARN_INT_CONVERSION = YES;
				CLANG_WARN_NON_LITERAL_NULL_CONVERSION = YES;
				CLANG_WARN_OBJC_IMPLICIT_RETAIN_SELF = YES;
				CLANG_WARN_OBJC_LITERAL_CONVERSION = YES;
				CLANG_WARN_OBJC_ROOT_CLASS = YES_ERROR;
				CLANG_WARN_QUOTED_INCLUDE_IN_FRAMEWORK_HEADER = YES;
				CLANG_WARN_RANGE_LOOP_ANALYSIS = YES;
				CLANG_WARN_STRICT_PROTOTYPES = YES;
				CLANG_WARN_SUSPICIOUS_MOVE = YES;
				CLANG_WARN_UNGUARDED_AVAILABILITY = YES_AGGRESSIVE;
				CLANG_WARN_UNREACHABLE_CODE = YES;
				CLANG_WARN__DUPLICATE_METHOD_MATCH = YES;
				COPY_PHASE_STRIP = NO;
				DEBUG_INFORMATION_FORMAT = "dwarf-with-dsym";
				ENABLE_NS_ASSERTIONS = NO;
				ENABLE_STRICT_OBJC_MSGSEND = YES;
				GCC_C_LANGUAGE_STANDARD = gnu11;
				GCC_NO_COMMON_BLOCKS = YES;
				GCC_WARN_64_TO_32_BIT_CONVERSION = YES;
				GCC_WARN_ABOUT_RETURN_TYPE = YES_ERROR;
				GCC_WARN_UNDECLARED_SELECTOR = YES;
				GCC_WARN_UNINITIALIZED_AUTOS = YES_AGGRESSIVE;
				GCC_WARN_UNUSED_FUNCTION = YES;
				GCC_WARN_UNUSED_VARIABLE = YES;
				IPHONEOS_DEPLOYMENT_TARGET = 14.0;
				MTL_ENABLE_DEBUG_INFO = NO;
				MTL_FAST_MATH = YES;
				SDKROOT = iphoneos;
				SWIFT_COMPILATION_MODE = wholemodule;
				SWIFT_OPTIMIZATION_LEVEL = "-O";
				VALIDATE_PRODUCT = YES;
			};
			name = Release;
		};
		73C52922286703A400CF29EE /* Debug */ = {
			isa = XCBuildConfiguration;
			buildSettings = {
				ASSETCATALOG_COMPILER_APPICON_NAME = AppIcon;
				ASSETCATALOG_COMPILER_GLOBAL_ACCENT_COLOR_NAME = AccentColor;
				CODE_SIGN_STYLE = Automatic;
				CURRENT_PROJECT_VERSION = 1;
				DEVELOPMENT_TEAM = HS98RXUETA;
				GENERATE_INFOPLIST_FILE = YES;
				INFOPLIST_FILE = Animals/Info.plist;
				INFOPLIST_KEY_UIApplicationSupportsIndirectInputEvents = YES;
				INFOPLIST_KEY_UILaunchStoryboardName = LaunchScreen;
				INFOPLIST_KEY_UISupportedInterfaceOrientations = UIInterfaceOrientationPortrait;
				INFOPLIST_KEY_UISupportedInterfaceOrientations_iPad = "UIInterfaceOrientationPortrait UIInterfaceOrientationPortraitUpsideDown UIInterfaceOrientationLandscapeLeft UIInterfaceOrientationLandscapeRight";
				INFOPLIST_KEY_UISupportedInterfaceOrientations_iPhone = "UIInterfaceOrientationPortrait UIInterfaceOrientationLandscapeLeft UIInterfaceOrientationLandscapeRight";
				IPHONEOS_DEPLOYMENT_TARGET = 14.0;
				LD_RUNPATH_SEARCH_PATHS = (
					"$(inherited)",
					"@executable_path/Frameworks",
				);
				MARKETING_VERSION = 1.0;
				PRODUCT_BUNDLE_IDENTIFIER = ua.oleksii.Animals;
				PRODUCT_NAME = "$(TARGET_NAME)";
				SWIFT_EMIT_LOC_STRINGS = YES;
				SWIFT_VERSION = 5.0;
				TARGETED_DEVICE_FAMILY = 1;
			};
			name = Debug;
		};
		73C52923286703A400CF29EE /* Release */ = {
			isa = XCBuildConfiguration;
			buildSettings = {
				ASSETCATALOG_COMPILER_APPICON_NAME = AppIcon;
				ASSETCATALOG_COMPILER_GLOBAL_ACCENT_COLOR_NAME = AccentColor;
				CODE_SIGN_STYLE = Automatic;
				CURRENT_PROJECT_VERSION = 1;
				DEVELOPMENT_TEAM = HS98RXUETA;
				GENERATE_INFOPLIST_FILE = YES;
				INFOPLIST_FILE = Animals/Info.plist;
				INFOPLIST_KEY_UIApplicationSupportsIndirectInputEvents = YES;
				INFOPLIST_KEY_UILaunchStoryboardName = LaunchScreen;
				INFOPLIST_KEY_UISupportedInterfaceOrientations = UIInterfaceOrientationPortrait;
				INFOPLIST_KEY_UISupportedInterfaceOrientations_iPad = "UIInterfaceOrientationPortrait UIInterfaceOrientationPortraitUpsideDown UIInterfaceOrientationLandscapeLeft UIInterfaceOrientationLandscapeRight";
				INFOPLIST_KEY_UISupportedInterfaceOrientations_iPhone = "UIInterfaceOrientationPortrait UIInterfaceOrientationLandscapeLeft UIInterfaceOrientationLandscapeRight";
				IPHONEOS_DEPLOYMENT_TARGET = 14.0;
				LD_RUNPATH_SEARCH_PATHS = (
					"$(inherited)",
					"@executable_path/Frameworks",
				);
				MARKETING_VERSION = 1.0;
				PRODUCT_BUNDLE_IDENTIFIER = ua.oleksii.Animals;
				PRODUCT_NAME = "$(TARGET_NAME)";
				SWIFT_EMIT_LOC_STRINGS = YES;
				SWIFT_VERSION = 5.0;
				TARGETED_DEVICE_FAMILY = 1;
			};
			name = Release;
		};
/* End XCBuildConfiguration section */

/* Begin XCConfigurationList section */
		73C52908286703A300CF29EE /* Build configuration list for PBXProject "Animals" */ = {
			isa = XCConfigurationList;
			buildConfigurations = (
				73C5291F286703A400CF29EE /* Debug */,
				73C52920286703A400CF29EE /* Release */,
			);
			defaultConfigurationIsVisible = 0;
			defaultConfigurationName = Release;
		};
		73C52921286703A400CF29EE /* Build configuration list for PBXNativeTarget "Animals" */ = {
			isa = XCConfigurationList;
			buildConfigurations = (
				73C52922286703A400CF29EE /* Debug */,
				73C52923286703A400CF29EE /* Release */,
			);
			defaultConfigurationIsVisible = 0;
			defaultConfigurationName = Release;
		};
/* End XCConfigurationList section */
	};
	rootObject = 73C52905286703A300CF29EE /* Project object */;
}
